PODS:
  - ActiveLabel (1.1.0)
  - IceCream (1.13.1):
    - RealmSwift
  - Realm (5.3.2):
    - Realm/Headers (= 5.3.2)
  - Realm/Headers (5.3.2)
  - RealmSwift (5.3.2):
    - Realm (= 5.3.2)
  - RxRealm (3.1.0):
    - RealmSwift (~> 5.2)
    - RxSwift (~> 5.0)
  - RxSwift (5.1.1)
  - Sentry (5.1.10):
    - Sentry/Core (= 5.1.10)
  - Sentry/Core (5.1.10)

DEPENDENCIES:
  - ActiveLabel
  - IceCream
  - RealmSwift
  - RxRealm
  - RxSwift
  - Sentry

SPEC REPOS:
  trunk:
    - ActiveLabel
    - IceCream
    - Realm
    - RealmSwift
    - RxRealm
    - RxSwift
    - Sentry

SPEC CHECKSUMS:
  ActiveLabel: 5e3f4de79a1952d4604b845a0610d4776e4b82b3
  IceCream: 0447d87b55df85651dd60b15712cef64dbe1cb54
  Realm: c6794276ca8884808ba168a22f9d71362b170b85
  RealmSwift: 42ec6cec3170aeeda407f797f07268a7d055ebc7
  RxRealm: 50e5fe5c1f22518205afbb313fbc5580d73bc586
  RxSwift: 81470a2074fa8780320ea5fe4102807cb7118178
  Sentry: 8715e88b813bde9ad37aead365d5b04ac7302153

PODFILE CHECKSUM: 67204fda04bb4cdacfd2c19611d2aaed9dadf7af

COCOAPODS: 1.9.1
