PODS:
  - ActiveLabel (1.1.0)
  - IceCream (1.12.1):
    - RealmSwift
  - Realm (3.19.1):
    - Realm/Headers (= 3.19.1)
  - Realm/Headers (3.19.1)
  - RealmSwift (3.19.1):
    - Realm (= 3.19.1)
  - RxRealm (1.0.0):
    - RealmSwift (~> 3.14)
    - RxSwift (~> 5.0)
  - RxSwift (5.0.0)
  - Sentry (4.4.1):
    - Sentry/Core (= 4.4.1)
  - Sentry/Core (4.4.1)

DEPENDENCIES:
  - ActiveLabel
  - IceCream
  - RealmSwift
  - RxRealm
  - RxSwift
  - Sentry (from `https://github.com/getsentry/sentry-cocoa.git`, tag `4.4.1`)

SPEC REPOS:
  trunk:
    - ActiveLabel
    - IceCream
    - Realm
    - RealmSwift
    - RxRealm
    - RxSwift

EXTERNAL SOURCES:
  Sentry:
    :git: https://github.com/getsentry/sentry-cocoa.git
    :tag: 4.4.1

CHECKOUT OPTIONS:
  Sentry:
    :git: https://github.com/getsentry/sentry-cocoa.git
    :tag: 4.4.1

SPEC CHECKSUMS:
  ActiveLabel: 5e3f4de79a1952d4604b845a0610d4776e4b82b3
  IceCream: b1b9c2d696d18f424039c118fce07bb8e08a15b3
  Realm: fb377747e694c7deb62d402400454134fe321bee
  RealmSwift: 1302b0ab60f3105a2b214a735eeb0938607cf16b
  RxRealm: 1e81dcfca1fb50c3e9b3e1f8102bc875c5156a2e
  RxSwift: 8b0671caa829a763bbce7271095859121cbd895f
  Sentry: 5d312a04e369154aeac616214f4dfc3cbcc8b296

PODFILE CHECKSUM: 36c79b9c2cb331a8efe503ef1acec060d23cc476

COCOAPODS: 1.8.4
